{
  "name": "Alzheimer-Helper",
  "lockfileVersion": 3,
  "requires": true,
  "packages": {
    "": {
      "dependencies": {
        "reactnative": "^0.0.0"
      }
    },
    "node_modules/reactnative": {
      "version": "0.0.0",
      "resolved": "https://registry.npmjs.org/reactnative/-/reactnative-0.0.0.tgz",
      "integrity": "sha512-OSxtcQb8r7L+p3c2TVNLAQzNmpdtq7w3Ls1+fFxQHyAo8Pa9/lHcUDCC8k6ME+gZkF3GMliAEyzjgIQm16viFQ=="
    }
  }
}
